
Microsoft Visual Studio Solution File, Format Version 11.00
# Visual Studio 2010
Project("{FAE04EC0-301F-11D3-BF4B-00C04F79EFBC}") = "GameUTS", "Assembly-CSharp.csproj", "{1AE112AF-627A-D259-6175-17AB81CAABAD}"
EndProject
Project("{FAE04EC0-301F-11D3-BF4B-00C04F79EFBC}") = "GameUTS", "Assembly-CSharp-Editor.csproj", "{32127AB0-1E42-BD7E-6820-CA33FF85CD2B}"
EndProject
Global
	GlobalSection(SolutionConfigurationPlatforms) = preSolution
		Debug|Any CPU = Debug|Any CPU
		Release|Any CPU = Release|Any CPU
	EndGlobalSection
	GlobalSection(ProjectConfigurationPlatforms) = postSolution
		{1AE112AF-627A-D259-6175-17AB81CAABAD}.Debug|Any CPU.ActiveCfg = Debug|Any CPU
		{1AE112AF-627A-D259-6175-17AB81CAABAD}.Debug|Any CPU.Build.0 = Debug|Any CPU
		{1AE112AF-627A-D259-6175-17AB81CAABAD}.Release|Any CPU.ActiveCfg = Release|Any CPU
		{1AE112AF-627A-D259-6175-17AB81CAABAD}.Release|Any CPU.Build.0 = Release|Any CPU
		{32127AB0-1E42-BD7E-6820-CA33FF85CD2B}.Debug|Any CPU.ActiveCfg = Debug|Any CPU
		{32127AB0-1E42-BD7E-6820-CA33FF85CD2B}.Debug|Any CPU.Build.0 = Debug|Any CPU
		{32127AB0-1E42-BD7E-6820-CA33FF85CD2B}.Release|Any CPU.ActiveCfg = Release|Any CPU
		{32127AB0-1E42-BD7E-6820-CA33FF85CD2B}.Release|Any CPU.Build.0 = Release|Any CPU
	EndGlobalSection
	GlobalSection(SolutionProperties) = preSolution
		HideSolutionNode = FALSE
	EndGlobalSection
	GlobalSection(MonoDevelopProperties) = preSolution
		StartupItem = Assembly-CSharp.csproj
	EndGlobalSection
EndGlobal
